<?xml version="1.0" encoding="utf-8"?>
<Project ToolsVersion="4.0" xmlns="http://schemas.microsoft.com/developer/msbuild/2003">
  <ItemGroup>
    <Filter Include="Source Files">
      <UniqueIdentifier>{4FC737F1-C7A5-4376-A066-2A32D752A2FF}</UniqueIdentifier>
      <Extensions>cpp;c;cc;cxx;c++;cppm;ixx;def;odl;idl;hpj;bat;asm;asmx</Extensions>
    </Filter>
    <Filter Include="Header Files">
      <UniqueIdentifier>{93995380-89BD-4b04-88EB-625FBE52EBFB}</UniqueIdentifier>
      <Extensions>h;hh;hpp;hxx;h++;hm;inl;inc;ipp;xsd</Extensions>
    </Filter>
    <Filter Include="Resource Files">
      <UniqueIdentifier>{67DA6AB6-F800-4c08-8B7A-83BB121AAD01}</UniqueIdentifier>
      <Extensions>rc;ico;cur;bmp;dlg;rc2;rct;bin;rgs;gif;jpg;jpeg;jpe;resx;tiff;tif;png;wav;mfcribbon-ms</Extensions>
    </Filter>
    <Filter Include="Header Files\Commands">
      <UniqueIdentifier>{032fe37e-7775-4b76-ba84-0e1fa63a404d}</UniqueIdentifier>
    </Filter>
    <Filter Include="Header Files\Repositories">
      <UniqueIdentifier>{19c46045-ce00-4fba-82c1-9c39a0aded47}</UniqueIdentifier>
    </Filter>
    <Filter Include="Header Files\Entities">
      <UniqueIdentifier>{816beec8-79a3-4955-bffc-de4bb807b14f}</UniqueIdentifier>
    </Filter>
    <Filter Include="Source Files\Commands">
      <UniqueIdentifier>{f1ff5670-88c4-4c0d-85f2-004722d4aa9e}</UniqueIdentifier>
    </Filter>
    <Filter Include="Source Files\Entities">
      <UniqueIdentifier>{d97e96de-9485-40b3-b66e-a0d0f86bc92d}</UniqueIdentifier>
    </Filter>
    <Filter Include="Source Files\Repositories">
      <UniqueIdentifier>{5ca6f11f-81ff-4a5e-926c-a212f505b427}</UniqueIdentifier>
    </Filter>
    <Filter Include="Header Files\Utilities">
      <UniqueIdentifier>{6ab7e7d9-6311-4c7f-a7be-1187e3bc6e8e}</UniqueIdentifier>
    </Filter>
    <Filter Include="Source Files\Utilities">
      <UniqueIdentifier>{fb183db0-79f1-4377-8db8-c1b361f06fc3}</UniqueIdentifier>
    </Filter>
    <Filter Include="Header Files\Entities\Fields">
      <UniqueIdentifier>{945f96aa-9127-4457-825b-ea13d8c1f635}</UniqueIdentifier>
    </Filter>
    <Filter Include="Header Files\Entities\Cards">
      <UniqueIdentifier>{34b2d4a3-8af2-4727-a0a5-1bac2b7db866}</UniqueIdentifier>
    </Filter>
    <Filter Include="Header Files\Entities\Base">
      <UniqueIdentifier>{43d83c71-97d1-433e-aa7f-eaae091f2431}</UniqueIdentifier>
    </Filter>
    <Filter Include="Source Files\Entities\Fields">
      <UniqueIdentifier>{d19708f6-d59d-4d4a-ad46-22765659b2b1}</UniqueIdentifier>
    </Filter>
    <Filter Include="Source Files\Entities\Cards">
      <UniqueIdentifier>{d673ed10-2127-40d0-8e3a-67653ee302a3}</UniqueIdentifier>
    </Filter>
    <Filter Include="Source Files\Entities\Base">
      <UniqueIdentifier>{9a455e5d-f789-4ebf-a1a2-2b493525190c}</UniqueIdentifier>
    </Filter>
    <Filter Include="Source Files\Entities\Cards\Effects">
      <UniqueIdentifier>{834ff986-89c9-43d3-97b2-0dc08b8661fd}</UniqueIdentifier>
    </Filter>
    <Filter Include="Header Files\Entities\Cards\Effects">
      <UniqueIdentifier>{0f62f7b7-1107-4850-9745-9212463a404d}</UniqueIdentifier>
    </Filter>
    <Filter Include="Header Files\Entities\Cards\Effects\Move">
      <UniqueIdentifier>{58c848c7-589b-4adc-817e-9c4c85368869}</UniqueIdentifier>
    </Filter>
    <Filter Include="Source Files\Entities\Cards\Effects\Move">
      <UniqueIdentifier>{6b59f035-757a-44e9-a7aa-9b1e3695f7e3}</UniqueIdentifier>
    </Filter>
    <Filter Include="Source Files\Entities\Cards\Effects\SinglePayment">
      <UniqueIdentifier>{457a0c00-f794-4803-9fb0-6332c75d8b4c}</UniqueIdentifier>
    </Filter>
    <Filter Include="Header Files\Entities\Cards\Effects\SinglePayment">
      <UniqueIdentifier>{164ecafb-3770-4e73-bbd9-078d152d1538}</UniqueIdentifier>
    </Filter>
    <Filter Include="Source Files\Entities\Cards\Effects\MultiplePayment">
      <UniqueIdentifier>{b60392c4-343b-4c5f-ab92-2522cc0faf54}</UniqueIdentifier>
    </Filter>
    <Filter Include="Header Files\Entities\Cards\Effects\MultiplePayment">
      <UniqueIdentifier>{38151175-73a0-4e8a-8dd9-ac3bb280ba78}</UniqueIdentifier>
    </Filter>
  </ItemGroup>
  <ItemGroup>
    <ClCompile Include="MonOOPoly.cpp">
      <Filter>Source Files</Filter>
    </ClCompile>
    <ClCompile Include="Constants.h">
      <Filter>Header Files\Utilities</Filter>
    </ClCompile>
    <ClCompile Include="MyString.cpp">
      <Filter>Source Files\Utilities</Filter>
    </ClCompile>
    <ClCompile Include="Field.cpp">
      <Filter>Source Files\Entities\Fields</Filter>
    </ClCompile>
    <ClCompile Include="CardField.cpp">
      <Filter>Source Files\Entities\Fields</Filter>
    </ClCompile>
    <ClCompile Include="GoField.cpp">
      <Filter>Source Files\Entities\Fields</Filter>
    </ClCompile>
    <ClCompile Include="GoToJailField.cpp">
      <Filter>Source Files\Entities\Fields</Filter>
    </ClCompile>
    <ClCompile Include="JailField.cpp">
      <Filter>Source Files\Entities\Fields</Filter>
    </ClCompile>
    <ClCompile Include="TaxField.cpp">
      <Filter>Source Files\Entities\Fields</Filter>
    </ClCompile>
    <ClCompile Include="Utility.cpp">
      <Filter>Source Files\Entities\Fields</Filter>
    </ClCompile>
    <ClCompile Include="Station.cpp">
      <Filter>Source Files\Entities\Fields</Filter>
    </ClCompile>
    <ClCompile Include="ParkingField.cpp">
      <Filter>Source Files\Entities\Fields</Filter>
    </ClCompile>
    <ClCompile Include="Property.cpp">
      <Filter>Source Files\Entities\Fields</Filter>
    </ClCompile>
    <ClCompile Include="Bank.cpp">
      <Filter>Source Files\Entities\Base</Filter>
    </ClCompile>
    <ClCompile Include="Board.cpp">
      <Filter>Source Files\Entities\Base</Filter>
    </ClCompile>
    <ClCompile Include="CardDeck.cpp">
      <Filter>Source Files\Entities\Base</Filter>
    </ClCompile>
    <ClCompile Include="Monopoly.cpp">
      <Filter>Source Files\Entities\Base</Filter>
    </ClCompile>
    <ClCompile Include="Mortgage.cpp">
      <Filter>Source Files\Entities\Base</Filter>
    </ClCompile>
    <ClCompile Include="Player.cpp">
      <Filter>Source Files\Entities\Base</Filter>
    </ClCompile>
    <ClCompile Include="Trade.cpp">
      <Filter>Source Files\Entities\Base</Filter>
    </ClCompile>
    <ClCompile Include="AdvanceToGoEffect.cpp">
      <Filter>Source Files\Entities\Cards\Effects\Move</Filter>
    </ClCompile>
    <ClCompile Include="GetOutOfJailEffect.cpp">
      <Filter>Source Files\Entities\Cards\Effects\Move</Filter>
    </ClCompile>
    <ClCompile Include="GoBackThreeSpacesEffect.cpp">
      <Filter>Source Files\Entities\Cards\Effects\Move</Filter>
    </ClCompile>
    <ClCompile Include="GoToJailEffect.cpp">
      <Filter>Source Files\Entities\Cards\Effects\Move</Filter>
    </ClCompile>
    <ClCompile Include="GoToNearestRailroadEffect.cpp">
      <Filter>Source Files\Entities\Cards\Effects\Move</Filter>
    </ClCompile>
    <ClCompile Include="CardEffectStrategy.cpp">
      <Filter>Source Files\Entities\Cards\Effects</Filter>
    </ClCompile>
    <ClCompile Include="Card.cpp">
      <Filter>Source Files\Entities\Cards</Filter>
    </ClCompile>
    <ClCompile Include="ReceivePaymentEffect.cpp">
      <Filter>Source Files\Entities\Cards\Effects\SinglePayment</Filter>
    </ClCompile>
    <ClCompile Include="FeeEffect.cpp">
      <Filter>Source Files\Entities\Cards\Effects\SinglePayment</Filter>
    </ClCompile>
    <ClCompile Include="RepairEffect.cpp">
      <Filter>Source Files\Entities\Cards\Effects\SinglePayment</Filter>
    </ClCompile>
    <ClCompile Include="MultiplePaymentEffect.cpp">
      <Filter>Source Files\Entities\Cards\Effects\MultiplePayment</Filter>
    </ClCompile>
    <ClCompile Include="MultiplePaymentToOthers.cpp">
      <Filter>Source Files\Entities\Cards\Effects\MultiplePayment</Filter>
    </ClCompile>
    <ClCompile Include="GoToLocationEffect.cpp">
      <Filter>Source Files\Entities\Cards\Effects\Move</Filter>
    </ClCompile>
    <ClCompile Include="Command.cpp">
      <Filter>Source Files\Commands</Filter>
    </ClCompile>
    <ClCompile Include="Engine.cpp">
      <Filter>Source Files\Entities\Base</Filter>
    </ClCompile>
    <ClCompile Include="CommandFactory.cpp">
      <Filter>Source Files\Commands</Filter>
    </ClCompile>
    <ClCompile Include="HelpCommand.cpp">
      <Filter>Source Files\Commands</Filter>
    </ClCompile>
    <ClCompile Include="RollDiceCommand.cpp">
      <Filter>Source Files\Commands</Filter>
    </ClCompile>
    <ClCompile Include="InvalidCommand.cpp">
      <Filter>Source Files\Commands</Filter>
    </ClCompile>
    <ClCompile Include="SeeInfoCommand.cpp">
      <Filter>Source Files\Commands</Filter>
    </ClCompile>
    <ClCompile Include="EndTurnCommand.cpp">
      <Filter>Source Files\Commands</Filter>
    </ClCompile>
    <ClCompile Include="GoToNearestUtilityEffect.cpp">
      <Filter>Source Files\Entities\Cards\Effects\Move</Filter>
    </ClCompile>
    <ClCompile Include="PayForReleaseCommand.cpp">
      <Filter>Source Files\Commands</Filter>
    </ClCompile>
  </ItemGroup>
  <ItemGroup>
    <ClInclude Include="MyVector.hpp">
      <Filter>Header Files\Utilities</Filter>
    </ClInclude>
    <ClInclude Include="PolymorphicContainer.hpp">
      <Filter>Header Files\Utilities</Filter>
    </ClInclude>
    <ClInclude Include="MyString.h">
      <Filter>Header Files\Utilities</Filter>
    </ClInclude>
    <ClInclude Include="Enums.h">
      <Filter>Header Files\Utilities</Filter>
    </ClInclude>
    <ClInclude Include="TaxField.h">
      <Filter>Header Files\Entities\Fields</Filter>
    </ClInclude>
    <ClInclude Include="Station.h">
      <Filter>Header Files\Entities\Fields</Filter>
    </ClInclude>
    <ClInclude Include="Utility.h">
      <Filter>Header Files\Entities\Fields</Filter>
    </ClInclude>
    <ClInclude Include="Property.h">
      <Filter>Header Files\Entities\Fields</Filter>
    </ClInclude>
    <ClInclude Include="ParkingField.h">
      <Filter>Header Files\Entities\Fields</Filter>
    </ClInclude>
    <ClInclude Include="JailField.h">
      <Filter>Header Files\Entities\Fields</Filter>
    </ClInclude>
    <ClInclude Include="GoToJailField.h">
      <Filter>Header Files\Entities\Fields</Filter>
    </ClInclude>
    <ClInclude Include="GoField.h">
      <Filter>Header Files\Entities\Fields</Filter>
    </ClInclude>
    <ClInclude Include="Field.h">
      <Filter>Header Files\Entities\Fields</Filter>
    </ClInclude>
    <ClInclude Include="CardField.h">
      <Filter>Header Files\Entities\Fields</Filter>
    </ClInclude>
    <ClInclude Include="Card.h">
      <Filter>Header Files\Entities\Cards</Filter>
    </ClInclude>
    <ClInclude Include="Bank.h">
      <Filter>Header Files\Entities\Base</Filter>
    </ClInclude>
    <ClInclude Include="Board.h">
      <Filter>Header Files\Entities\Base</Filter>
    </ClInclude>
    <ClInclude Include="CardDeck.h">
      <Filter>Header Files\Entities\Base</Filter>
    </ClInclude>
    <ClInclude Include="Monopoly.h">
      <Filter>Header Files\Entities\Base</Filter>
    </ClInclude>
    <ClInclude Include="Mortgage.h">
      <Filter>Header Files\Entities\Base</Filter>
    </ClInclude>
    <ClInclude Include="Player.h">
      <Filter>Header Files\Entities\Base</Filter>
    </ClInclude>
    <ClInclude Include="Trade.h">
      <Filter>Header Files\Entities\Base</Filter>
    </ClInclude>
    <ClInclude Include="AdvanceToGoEffect.h">
      <Filter>Header Files\Entities\Cards\Effects\Move</Filter>
    </ClInclude>
    <ClInclude Include="GetOutOfJailEffect.h">
      <Filter>Header Files\Entities\Cards\Effects\Move</Filter>
    </ClInclude>
    <ClInclude Include="GoBackThreeSpacesEffect.h">
      <Filter>Header Files\Entities\Cards\Effects\Move</Filter>
    </ClInclude>
    <ClInclude Include="GoToNearestRailroadEffect.h">
      <Filter>Header Files\Entities\Cards\Effects\Move</Filter>
    </ClInclude>
    <ClInclude Include="GoToJailEffect.h">
      <Filter>Header Files\Entities\Cards\Effects\Move</Filter>
    </ClInclude>
    <ClInclude Include="GoToNearestUtilityEffect.h">
      <Filter>Header Files\Entities\Cards\Effects\Move</Filter>
    </ClInclude>
    <ClInclude Include="CardEffectStrategy.h">
      <Filter>Header Files\Entities\Cards\Effects</Filter>
    </ClInclude>
    <ClInclude Include="ReceivePaymentEffect.h">
      <Filter>Header Files\Entities\Cards\Effects\SinglePayment</Filter>
    </ClInclude>
    <ClInclude Include="FeeEffect.h">
      <Filter>Header Files\Entities\Cards\Effects\SinglePayment</Filter>
    </ClInclude>
    <ClInclude Include="RepairEffect.h">
      <Filter>Header Files\Entities\Cards\Effects\SinglePayment</Filter>
    </ClInclude>
    <ClInclude Include="MultiplePaymentEffect.h">
      <Filter>Header Files\Entities\Cards\Effects\MultiplePayment</Filter>
    </ClInclude>
    <ClInclude Include="MultiplePaymentToOthers.h">
      <Filter>Header Files\Entities\Cards\Effects\MultiplePayment</Filter>
    </ClInclude>
    <ClInclude Include="GoToLocationEffect.h">
      <Filter>Header Files\Entities\Cards\Effects\Move</Filter>
    </ClInclude>
    <ClInclude Include="Queue.hpp">
      <Filter>Header Files\Utilities</Filter>
    </ClInclude>
    <ClInclude Include="Command.h">
      <Filter>Header Files\Commands</Filter>
    </ClInclude>
    <ClInclude Include="Engine.h">
      <Filter>Header Files\Entities\Base</Filter>
    </ClInclude>
    <ClInclude Include="CommandFactory.h">
      <Filter>Header Files\Commands</Filter>
    </ClInclude>
    <ClInclude Include="HelpCommand.h">
      <Filter>Header Files\Commands</Filter>
    </ClInclude>
    <ClInclude Include="RollDiceCommand.h">
      <Filter>Header Files\Commands</Filter>
    </ClInclude>
    <ClInclude Include="InvalidCommand.h">
      <Filter>Header Files\Commands</Filter>
    </ClInclude>
    <ClInclude Include="SeeInfoCommand.h">
      <Filter>Header Files\Commands</Filter>
    </ClInclude>
    <ClInclude Include="EndTurnCommand.h">
      <Filter>Header Files\Commands</Filter>
    </ClInclude>
    <ClInclude Include="PayForReleaseCommand.h">
      <Filter>Header Files\Commands</Filter>
    </ClInclude>
  </ItemGroup>
</Project>