<?xml version="1.0" encoding="utf-8"?>
<Project ToolsVersion="4.0" xmlns="http://schemas.microsoft.com/developer/msbuild/2003">
  <ItemGroup>
    <Filter Include="Source Files">
      <UniqueIdentifier>{4FC737F1-C7A5-4376-A066-2A32D752A2FF}</UniqueIdentifier>
      <Extensions>cpp;c;cc;cxx;c++;cppm;ixx;def;odl;idl;hpj;bat;asm;asmx</Extensions>
    </Filter>
    <Filter Include="Header Files">
      <UniqueIdentifier>{93995380-89BD-4b04-88EB-625FBE52EBFB}</UniqueIdentifier>
      <Extensions>h;hh;hpp;hxx;h++;hm;inl;inc;ipp;xsd</Extensions>
    </Filter>
    <Filter Include="Resource Files">
      <UniqueIdentifier>{67DA6AB6-F800-4c08-8B7A-83BB121AAD01}</UniqueIdentifier>
      <Extensions>rc;ico;cur;bmp;dlg;rc2;rct;bin;rgs;gif;jpg;jpeg;jpe;resx;tiff;tif;png;wav;mfcribbon-ms</Extensions>
    </Filter>
    <Filter Include="Header Files\Commands">
      <UniqueIdentifier>{032fe37e-7775-4b76-ba84-0e1fa63a404d}</UniqueIdentifier>
    </Filter>
    <Filter Include="Header Files\Repositories">
      <UniqueIdentifier>{19c46045-ce00-4fba-82c1-9c39a0aded47}</UniqueIdentifier>
    </Filter>
    <Filter Include="Header Files\Entities">
      <UniqueIdentifier>{816beec8-79a3-4955-bffc-de4bb807b14f}</UniqueIdentifier>
    </Filter>
    <Filter Include="Source Files\Commands">
      <UniqueIdentifier>{f1ff5670-88c4-4c0d-85f2-004722d4aa9e}</UniqueIdentifier>
    </Filter>
    <Filter Include="Source Files\Entities">
      <UniqueIdentifier>{d97e96de-9485-40b3-b66e-a0d0f86bc92d}</UniqueIdentifier>
    </Filter>
    <Filter Include="Source Files\Repositories">
      <UniqueIdentifier>{5ca6f11f-81ff-4a5e-926c-a212f505b427}</UniqueIdentifier>
    </Filter>
  </ItemGroup>
  <ItemGroup>
    <ClCompile Include="MonOOPoly.cpp">
      <Filter>Source Files</Filter>
    </ClCompile>
    <ClCompile Include="Monopoly.cpp">
      <Filter>Source Files\Entities</Filter>
    </ClCompile>
    <ClCompile Include="Player.cpp">
      <Filter>Source Files\Entities</Filter>
    </ClCompile>
    <ClCompile Include="Bank.cpp">
      <Filter>Source Files\Entities</Filter>
    </ClCompile>
    <ClCompile Include="Board.cpp">
      <Filter>Source Files\Entities</Filter>
    </ClCompile>
    <ClCompile Include="Field.cpp">
      <Filter>Source Files\Entities</Filter>
    </ClCompile>
    <ClCompile Include="Property.cpp">
      <Filter>Source Files\Entities</Filter>
    </ClCompile>
    <ClCompile Include="CardField.cpp">
      <Filter>Source Files\Entities</Filter>
    </ClCompile>
    <ClCompile Include="GoToJailField.cpp">
      <Filter>Source Files\Entities</Filter>
    </ClCompile>
    <ClCompile Include="CardDeck.cpp">
      <Filter>Source Files\Entities</Filter>
    </ClCompile>
    <ClCompile Include="Card.cpp">
      <Filter>Source Files\Entities</Filter>
    </ClCompile>
    <ClCompile Include="MovePositionCard.cpp">
      <Filter>Source Files\Entities</Filter>
    </ClCompile>
    <ClCompile Include="PaymentCard.cpp">
      <Filter>Source Files\Entities</Filter>
    </ClCompile>
    <ClCompile Include="GroupPaymentCard.cpp">
      <Filter>Source Files\Entities</Filter>
    </ClCompile>
    <ClCompile Include="Mortgage.cpp">
      <Filter>Source Files\Entities</Filter>
    </ClCompile>
    <ClCompile Include="Trade.cpp">
      <Filter>Source Files\Entities</Filter>
    </ClCompile>
  </ItemGroup>
  <ItemGroup>
    <ClInclude Include="Monopoly.h">
      <Filter>Header Files\Entities</Filter>
    </ClInclude>
    <ClInclude Include="Player.h">
      <Filter>Header Files\Entities</Filter>
    </ClInclude>
    <ClInclude Include="Bank.h">
      <Filter>Header Files\Entities</Filter>
    </ClInclude>
    <ClInclude Include="Board.h">
      <Filter>Header Files\Entities</Filter>
    </ClInclude>
    <ClInclude Include="Field.h">
      <Filter>Header Files\Entities</Filter>
    </ClInclude>
    <ClInclude Include="Property.h">
      <Filter>Header Files\Entities</Filter>
    </ClInclude>
    <ClInclude Include="CardField.h">
      <Filter>Header Files\Entities</Filter>
    </ClInclude>
    <ClInclude Include="GoToJailField.h">
      <Filter>Header Files\Entities</Filter>
    </ClInclude>
    <ClInclude Include="CardDeck.h">
      <Filter>Header Files\Entities</Filter>
    </ClInclude>
    <ClInclude Include="Card.h">
      <Filter>Header Files\Entities</Filter>
    </ClInclude>
    <ClInclude Include="MovePositionCard.h">
      <Filter>Header Files\Entities</Filter>
    </ClInclude>
    <ClInclude Include="PaymentCard.h">
      <Filter>Header Files\Entities</Filter>
    </ClInclude>
    <ClInclude Include="GroupPaymentCard.h">
      <Filter>Header Files\Entities</Filter>
    </ClInclude>
    <ClInclude Include="Mortgage.h">
      <Filter>Header Files\Entities</Filter>
    </ClInclude>
    <ClInclude Include="Trade.h">
      <Filter>Header Files\Entities</Filter>
    </ClInclude>
  </ItemGroup>
</Project>